// !$*UTF8*$!
{
	archiveVersion = 1;
	classes = {
	};
	objectVersion = 46;
	objects = {

/* Begin PBXBuildFile section */
		82E33D741EAE2F5E00F35776 /* AppDelegate.swift in Sources */ = {isa = PBXBuildFile; fileRef = 82E33D731EAE2F5E00F35776 /* AppDelegate.swift */; };
		82E33D761EAE2F5E00F35776 /* ViewController.swift in Sources */ = {isa = PBXBuildFile; fileRef = 82E33D751EAE2F5E00F35776 /* ViewController.swift */; };
		82E33D791EAE2F5E00F35776 /* Main.storyboard in Resources */ = {isa = PBXBuildFile; fileRef = 82E33D771EAE2F5E00F35776 /* Main.storyboard */; };
		82E33D7B1EAE2F5E00F35776 /* Assets.xcassets in Resources */ = {isa = PBXBuildFile; fileRef = 82E33D7A1EAE2F5E00F35776 /* Assets.xcassets */; };
		82E33D7E1EAE2F5E00F35776 /* LaunchScreen.storyboard in Resources */ = {isa = PBXBuildFile; fileRef = 82E33D7C1EAE2F5E00F35776 /* LaunchScreen.storyboard */; };
/* End PBXBuildFile section */

/* Begin PBXFileReference section */
		82E33D701EAE2F5D00F35776 /* Favorite Movies.app */ = {isa = PBXFileReference; explicitFileType = wrapper.application; includeInIndex = 0; path = "Favorite Movies.app"; sourceTree = BUILT_PRODUCTS_DIR; };
		82E33D731EAE2F5E00F35776 /* AppDelegate.swift */ = {isa = PBXFileReference; lastKnownFileType = sourcecode.swift; path = AppDelegate.swift; sourceTree = "<group>"; };
		82E33D751EAE2F5E00F35776 /* ViewController.swift */ = {isa = PBXFileReference; lastKnownFileType = sourcecode.swift; path = ViewController.swift; sourceTree = "<group>"; };
		82E33D781EAE2F5E00F35776 /* Base */ = {isa = PBXFileReference; lastKnownFileType = file.storyboard; name = Base; path = Base.lproj/Main.storyboard; sourceTree = "<group>"; };
		82E33D7A1EAE2F5E00F35776 /* Assets.xcassets */ = {isa = PBXFileReference; lastKnownFileType = folder.assetcatalog; path = Assets.xcassets; sourceTree = "<group>"; };
		82E33D7D1EAE2F5E00F35776 /* Base */ = {isa = PBXFileReference; lastKnownFileType = file.storyboard; name = Base; path = Base.lproj/LaunchScreen.storyboard; sourceTree = "<group>"; };
		82E33D7F1EAE2F5E00F35776 /* Info.plist */ = {isa = PBXFileReference; lastKnownFileType = text.plist.xml; path = Info.plist; sourceTree = "<group>"; };
/* End PBXFileReference section */

/* Begin PBXFrameworksBuildPhase section */
		82E33D6D1EAE2F5D00F35776 /* Frameworks */ = {
			isa = PBXFrameworksBuildPhase;
			buildActionMask = 2147483647;
			files = (
			);
			runOnlyForDeploymentPostprocessing = 0;
		};
/* End PBXFrameworksBuildPhase section */

/* Begin PBXGroup section */
		82E33D671EAE2F5D00F35776 = {
			isa = PBXGroup;
			children = (
				82E33D721EAE2F5D00F35776 /* Favorite Movies */,
				82E33D711EAE2F5D00F35776 /* Products */,
			);
			sourceTree = "<group>";
		};
		82E33D711EAE2F5D00F35776 /* Products */ = {
			isa = PBXGroup;
			children = (
				82E33D701EAE2F5D00F35776 /* Favorite Movies.app */,
			);
			name = Products;
			sourceTree = "<group>";
		};
		82E33D721EAE2F5D00F35776 /* Favorite Movies */ = {
			isa = PBXGroup;
			children = (
				82E33D731EAE2F5E00F35776 /* AppDelegate.swift */,
				82E33D751EAE2F5E00F35776 /* ViewController.swift */,
				82E33D771EAE2F5E00F35776 /* Main.storyboard */,
				82E33D7A1EAE2F5E00F35776 /* Assets.xcassets */,
				82E33D7C1EAE2F5E00F35776 /* LaunchScreen.storyboard */,
				82E33D7F1EAE2F5E00F35776 /* Info.plist */,
			);
			path = "Favorite Movies";
			sourceTree = "<group>";
		};
/* End PBXGroup section */

/* Begin PBXNativeTarget section */
		82E33D6F1EAE2F5D00F35776 /* Favorite Movies */ = {
			isa = PBXNativeTarget;
			buildConfigurationList = 82E33D821EAE2F5E00F35776 /* Build configuration list for PBXNativeTarget "Favorite Movies" */;
			buildPhases = (
				82E33D6C1EAE2F5D00F35776 /* Sources */,
				82E33D6D1EAE2F5D00F35776 /* Frameworks */,
				82E33D6E1EAE2F5D00F35776 /* Resources */,
			);
			buildRules = (
			);
			dependencies = (
			);
			name = "Favorite Movies";
			productName = "Favorite Movies";
			productReference = 82E33D701EAE2F5D00F35776 /* Favorite Movies.app */;
			productType = "com.apple.product-type.application";
		};
/* End PBXNativeTarget section */

/* Begin PBXProject section */
		82E33D681EAE2F5D00F35776 /* Project object */ = {
			isa = PBXProject;
			attributes = {
				LastSwiftUpdateCheck = 0830;
				LastUpgradeCheck = 0830;
				ORGANIZATIONNAME = "Ana Geórgia Gama";
				TargetAttributes = {
					82E33D6F1EAE2F5D00F35776 = {
						CreatedOnToolsVersion = 8.3.2;
						ProvisioningStyle = Automatic;
					};
				};
			};
			buildConfigurationList = 82E33D6B1EAE2F5D00F35776 /* Build configuration list for PBXProject "Favorite Movies" */;
			compatibilityVersion = "Xcode 3.2";
			developmentRegion = English;
			hasScannedForEncodings = 0;
			knownRegions = (
				en,
				Base,
			);
			mainGroup = 82E33D671EAE2F5D00F35776;
			productRefGroup = 82E33D711EAE2F5D00F35776 /* Products */;
			projectDirPath = "";
			projectRoot = "";
			targets = (
				82E33D6F1EAE2F5D00F35776 /* Favorite Movies */,
			);
		};
/* End PBXProject section */

/* Begin PBXResourcesBuildPhase section */
		82E33D6E1EAE2F5D00F35776 /* Resources */ = {
			isa = PBXResourcesBuildPhase;
			buildActionMask = 2147483647;
			files = (
				82E33D7E1EAE2F5E00F35776 /* LaunchScreen.storyboard in Resources */,
				82E33D7B1EAE2F5E00F35776 /* Assets.xcassets in Resources */,
				82E33D791EAE2F5E00F35776 /* Main.storyboard in Resources */,
			);
			runOnlyForDeploymentPostprocessing = 0;
		};
/* End PBXResourcesBuildPhase section */

/* Begin PBXSourcesBuildPhase section */
		82E33D6C1EAE2F5D00F35776 /* Sources */ = {
			isa = PBXSourcesBuildPhase;
			buildActionMask = 2147483647;
			files = (
				82E33D761EAE2F5E00F35776 /* ViewController.swift in Sources */,
				82E33D741EAE2F5E00F35776 /* AppDelegate.swift in Sources */,
			);
			runOnlyForDeploymentPostprocessing = 0;
		};
/* End PBXSourcesBuildPhase section */

/* Begin PBXVariantGroup section */
		82E33D771EAE2F5E00F35776 /* Main.storyboard */ = {
			isa = PBXVariantGroup;
			children = (
				82E33D781EAE2F5E00F35776 /* Base */,
			);
			name = Main.storyboard;
			sourceTree = "<group>";
		};
		82E33D7C1EAE2F5E00F35776 /* LaunchScreen.storyboard */ = {
			isa = PBXVariantGroup;
			children = (
				82E33D7D1EAE2F5E00F35776 /* Base */,
			);
			name = LaunchScreen.storyboard;
			sourceTree = "<group>";
		};
/* End PBXVariantGroup section */

/* Begin XCBuildConfiguration section */
		82E33D801EAE2F5E00F35776 /* Debug */ = {
			isa = XCBuildConfiguration;
			buildSettings = {
				ALWAYS_SEARCH_USER_PATHS = NO;
				CLANG_ANALYZER_NONNULL = YES;
				CLANG_ANALYZER_NUMBER_OBJECT_CONVERSION = YES_AGGRESSIVE;
				CLANG_CXX_LANGUAGE_STANDARD = "gnu++0x";
				CLANG_CXX_LIBRARY = "libc++";
				CLANG_ENABLE_MODULES = YES;
				CLANG_ENABLE_OBJC_ARC = YES;
				CLANG_WARN_BOOL_CONVERSION = YES;
				CLANG_WARN_CONSTANT_CONVERSION = YES;
				CLANG_WARN_DIRECT_OBJC_ISA_USAGE = YES_ERROR;
				CLANG_WARN_DOCUMENTATION_COMMENTS = YES;
				CLANG_WARN_EMPTY_BODY = YES;
				CLANG_WARN_ENUM_CONVERSION = YES;
				CLANG_WARN_INFINITE_RECURSION = YES;
				CLANG_WARN_INT_CONVERSION = YES;
				CLANG_WARN_OBJC_ROOT_CLASS = YES_ERROR;
				CLANG_WARN_SUSPICIOUS_MOVE = YES;
				CLANG_WARN_UNREACHABLE_CODE = YES;
				CLANG_WARN__DUPLICATE_METHOD_MATCH = YES;
				"CODE_SIGN_IDENTITY[sdk=iphoneos*]" = "iPhone Developer";
				COPY_PHASE_STRIP = NO;
				DEBUG_INFORMATION_FORMAT = dwarf;
				ENABLE_STRICT_OBJC_MSGSEND = YES;
				ENABLE_TESTABILITY = YES;
				GCC_C_LANGUAGE_STANDARD = gnu99;
				GCC_DYNAMIC_NO_PIC = NO;
				GCC_NO_COMMON_BLOCKS = YES;
				GCC_OPTIMIZATION_LEVEL = 0;
				GCC_PREPROCESSOR_DEFINITIONS = (
					"DEBUG=1",
					"$(inherited)",
				);
				GCC_WARN_64_TO_32_BIT_CONVERSION = YES;
				GCC_WARN_ABOUT_RETURN_TYPE = YES_ERROR;
				GCC_WARN_UNDECLARED_SELECTOR = YES;
				GCC_WARN_UNINITIALIZED_AUTOS = YES_AGGRESSIVE;
				GCC_WARN_UNUSED_FUNCTION = YES;
				GCC_WARN_UNUSED_VARIABLE = YES;
				IPHONEOS_DEPLOYMENT_TARGET = 10.3;
				MTL_ENABLE_DEBUG_INFO = YES;
				ONLY_ACTIVE_ARCH = YES;
				SDKROOT = iphoneos;
				SWIFT_ACTIVE_COMPILATION_CONDITIONS = DEBUG;
				SWIFT_OPTIMIZATION_LEVEL = "-Onone";
				TARGETED_DEVICE_FAMILY = "1,2";
			};
			name = Debug;
		};
		82E33D811EAE2F5E00F35776 /* Release */ = {
			isa = XCBuildConfiguration;
			buildSettings = {
				ALWAYS_SEARCH_USER_PATHS = NO;
				CLANG_ANALYZER_NONNULL = YES;
				CLANG_ANALYZER_NUMBER_OBJECT_CONVERSION = YES_AGGRESSIVE;
				CLANG_CXX_LANGUAGE_STANDARD = "gnu++0x";
				CLANG_CXX_LIBRARY = "libc++";
				CLANG_ENABLE_MODULES = YES;
				CLANG_ENABLE_OBJC_ARC = YES;
				CLANG_WARN_BOOL_CONVERSION = YES;
				CLANG_WARN_CONSTANT_CONVERSION = YES;
				CLANG_WARN_DIRECT_OBJC_ISA_USAGE = YES_ERROR;
				CLANG_WARN_DOCUMENTATION_COMMENTS = YES;
				CLANG_WARN_EMPTY_BODY = YES;
				CLANG_WARN_ENUM_CONVERSION = YES;
				CLANG_WARN_INFINITE_RECURSION = YES;
				CLANG_WARN_INT_CONVERSION = YES;
				CLANG_WARN_OBJC_ROOT_CLASS = YES_ERROR;
				CLANG_WARN_SUSPICIOUS_MOVE = YES;
				CLANG_WARN_UNREACHABLE_CODE = YES;
				CLANG_WARN__DUPLICATE_METHOD_MATCH = YES;
				"CODE_SIGN_IDENTITY[sdk=iphoneos*]" = "iPhone Developer";
				COPY_PHASE_STRIP = NO;
				DEBUG_INFORMATION_FORMAT = "dwarf-with-dsym";
				ENABLE_NS_ASSERTIONS = NO;
				ENABLE_STRICT_OBJC_MSGSEND = YES;
				GCC_C_LANGUAGE_STANDARD = gnu99;
				GCC_NO_COMMON_BLOCKS = YES;
				GCC_WARN_64_TO_32_BIT_CONVERSION = YES;
				GCC_WARN_ABOUT_RETURN_TYPE = YES_ERROR;
				GCC_WARN_UNDECLARED_SELECTOR = YES;
				GCC_WARN_UNINITIALIZED_AUTOS = YES_AGGRESSIVE;
				GCC_WARN_UNUSED_FUNCTION = YES;
				GCC_WARN_UNUSED_VARIABLE = YES;
				IPHONEOS_DEPLOYMENT_TARGET = 10.3;
				MTL_ENABLE_DEBUG_INFO = NO;
				SDKROOT = iphoneos;
				SWIFT_OPTIMIZATION_LEVEL = "-Owholemodule";
				TARGETED_DEVICE_FAMILY = "1,2";
				VALIDATE_PRODUCT = YES;
			};
			name = Release;
		};
		82E33D831EAE2F5E00F35776 /* Debug */ = {
			isa = XCBuildConfiguration;
			buildSettings = {
				ASSETCATALOG_COMPILER_APPICON_NAME = AppIcon;
				INFOPLIST_FILE = "Favorite Movies/Info.plist";
				LD_RUNPATH_SEARCH_PATHS = "$(inherited) @executable_path/Frameworks";
				PRODUCT_BUNDLE_IDENTIFIER = "br.com.ana.georgia.Favorite-Movies";
				PRODUCT_NAME = "$(TARGET_NAME)";
				SWIFT_VERSION = 3.0;
			};
			name = Debug;
		};
		82E33D841EAE2F5E00F35776 /* Release */ = {
			isa = XCBuildConfiguration;
			buildSettings = {
				ASSETCATALOG_COMPILER_APPICON_NAME = AppIcon;
				INFOPLIST_FILE = "Favorite Movies/Info.plist";
				LD_RUNPATH_SEARCH_PATHS = "$(inherited) @executable_path/Frameworks";
				PRODUCT_BUNDLE_IDENTIFIER = "br.com.ana.georgia.Favorite-Movies";
				PRODUCT_NAME = "$(TARGET_NAME)";
				SWIFT_VERSION = 3.0;
			};
			name = Release;
		};
/* End XCBuildConfiguration section */

/* Begin XCConfigurationList section */
		82E33D6B1EAE2F5D00F35776 /* Build configuration list for PBXProject "Favorite Movies" */ = {
			isa = XCConfigurationList;
			buildConfigurations = (
				82E33D801EAE2F5E00F35776 /* Debug */,
				82E33D811EAE2F5E00F35776 /* Release */,
			);
			defaultConfigurationIsVisible = 0;
			defaultConfigurationName = Release;
		};
		82E33D821EAE2F5E00F35776 /* Build configuration list for PBXNativeTarget "Favorite Movies" */ = {
			isa = XCConfigurationList;
			buildConfigurations = (
				82E33D831EAE2F5E00F35776 /* Debug */,
				82E33D841EAE2F5E00F35776 /* Release */,
			);
			defaultConfigurationIsVisible = 0;
		};
/* End XCConfigurationList section */
	};
	rootObject = 82E33D681EAE2F5D00F35776 /* Project object */;
}
